
Microsoft Visual Studio Solution File, Format Version 12.00
# Visual Studio Version 17
VisualStudioVersion = 17.7.34024.191
MinimumVisualStudioVersion = 10.0.40219.1
Project("{FAE04EC0-301F-11D3-BF4B-00C04F79EFBC}") = "ArmazemDoMago", "ArmazemDoMago\ArmazemDoMago.csproj", "{7E7A4E88-6559-49CC-9C16-4AC450943A84}"
EndProject
Global
	GlobalSection(SolutionConfigurationPlatforms) = preSolution
		Debug|Any CPU = Debug|Any CPU
		Release|Any CPU = Release|Any CPU
	EndGlobalSection
	GlobalSection(ProjectConfigurationPlatforms) = postSolution
		{7E7A4E88-6559-49CC-9C16-4AC450943A84}.Debug|Any CPU.ActiveCfg = Debug|Any CPU
		{7E7A4E88-6559-49CC-9C16-4AC450943A84}.Debug|Any CPU.Build.0 = Debug|Any CPU
		{7E7A4E88-6559-49CC-9C16-4AC450943A84}.Release|Any CPU.ActiveCfg = Release|Any CPU
		{7E7A4E88-6559-49CC-9C16-4AC450943A84}.Release|Any CPU.Build.0 = Release|Any CPU
	EndGlobalSection
	GlobalSection(SolutionProperties) = preSolution
		HideSolutionNode = FALSE
	EndGlobalSection
	GlobalSection(ExtensibilityGlobals) = postSolution
		SolutionGuid = {C342760A-166D-4C6E-BE46-ED2589B3AD0B}
	EndGlobalSection
EndGlobal
